
Microsoft Visual Studio Solution File, Format Version 12.00
# Visual Studio 15
VisualStudioVersion = 15.0.28010.2003
MinimumVisualStudioVersion = 10.0.40219.1
Project("{FAE04EC0-301F-11D3-BF4B-00C04F79EFBC}") = "ApiMashup", "API_Mashup\ApiMashup.csproj", "{50079867-55A2-49CC-9643-1B567F6C6F59}"
EndProject
Global
	GlobalSection(SolutionConfigurationPlatforms) = preSolution
		Debug|Any CPU = Debug|Any CPU
		Release|Any CPU = Release|Any CPU
	EndGlobalSection
	GlobalSection(ProjectConfigurationPlatforms) = postSolution
		{50079867-55A2-49CC-9643-1B567F6C6F59}.Debug|Any CPU.ActiveCfg = Debug|Any CPU
		{50079867-55A2-49CC-9643-1B567F6C6F59}.Debug|Any CPU.Build.0 = Debug|Any CPU
		{50079867-55A2-49CC-9643-1B567F6C6F59}.Release|Any CPU.ActiveCfg = Release|Any CPU
		{50079867-55A2-49CC-9643-1B567F6C6F59}.Release|Any CPU.Build.0 = Release|Any CPU
	EndGlobalSection
	GlobalSection(SolutionProperties) = preSolution
		HideSolutionNode = FALSE
	EndGlobalSection
	GlobalSection(ExtensibilityGlobals) = postSolution
		SolutionGuid = {439B1480-A8CA-48EE-BA57-7AEF97331E44}
	EndGlobalSection
EndGlobal
